
Microsoft Visual Studio Solution File, Format Version 11.00
# Visual Studio 2010
Project("{FAE04EC0-301F-11D3-BF4B-00C04F79EFBC}") = "LabnetServer", "LabnetServer\LabnetServer.csproj", "{995EC572-E5E6-4717-A0B3-A7F6C8ED4F80}"
EndProject
Project("{FAE04EC0-301F-11D3-BF4B-00C04F79EFBC}") = "DataRepository", "DataRepository\DataRepository.csproj", "{5F90FE62-F272-414A-BC79-9752C755C67E}"
EndProject
Global
	GlobalSection(SolutionConfigurationPlatforms) = preSolution
		Debug|Any CPU = Debug|Any CPU
		Release|Any CPU = Release|Any CPU
	EndGlobalSection
	GlobalSection(ProjectConfigurationPlatforms) = postSolution
		{995EC572-E5E6-4717-A0B3-A7F6C8ED4F80}.Debug|Any CPU.ActiveCfg = Debug|Any CPU
		{995EC572-E5E6-4717-A0B3-A7F6C8ED4F80}.Debug|Any CPU.Build.0 = Debug|Any CPU
		{995EC572-E5E6-4717-A0B3-A7F6C8ED4F80}.Release|Any CPU.ActiveCfg = Release|Any CPU
		{995EC572-E5E6-4717-A0B3-A7F6C8ED4F80}.Release|Any CPU.Build.0 = Release|Any CPU
		{5F90FE62-F272-414A-BC79-9752C755C67E}.Debug|Any CPU.ActiveCfg = Debug|Any CPU
		{5F90FE62-F272-414A-BC79-9752C755C67E}.Debug|Any CPU.Build.0 = Debug|Any CPU
		{5F90FE62-F272-414A-BC79-9752C755C67E}.Release|Any CPU.ActiveCfg = Release|Any CPU
		{5F90FE62-F272-414A-BC79-9752C755C67E}.Release|Any CPU.Build.0 = Release|Any CPU
	EndGlobalSection
	GlobalSection(SolutionProperties) = preSolution
		HideSolutionNode = FALSE
	EndGlobalSection
EndGlobal
